// !$*UTF8*$!
{
	archiveVersion = 1;
	classes = {
	};
	objectVersion = 50;
	objects = {

/* Begin PBXBuildFile section */
		FC5423D3231ABD18009604A6 /* AppDelegate.swift in Sources */ = {isa = PBXBuildFile; fileRef = FC5423D2231ABD18009604A6 /* AppDelegate.swift */; };
		FC5423D5231ABD18009604A6 /* HomeViewController.swift in Sources */ = {isa = PBXBuildFile; fileRef = FC5423D4231ABD18009604A6 /* HomeViewController.swift */; };
		FC5423D8231ABD18009604A6 /* Main.storyboard in Resources */ = {isa = PBXBuildFile; fileRef = FC5423D6231ABD18009604A6 /* Main.storyboard */; };
		FC5423DA231ABD1B009604A6 /* Assets.xcassets in Resources */ = {isa = PBXBuildFile; fileRef = FC5423D9231ABD1B009604A6 /* Assets.xcassets */; };
		FC5423DD231ABD1B009604A6 /* LaunchScreen.storyboard in Resources */ = {isa = PBXBuildFile; fileRef = FC5423DB231ABD1B009604A6 /* LaunchScreen.storyboard */; };
		FC5423E8231ABD1B009604A6 /* Flickr_DiggerTests.swift in Sources */ = {isa = PBXBuildFile; fileRef = FC5423E7231ABD1B009604A6 /* Flickr_DiggerTests.swift */; };
		FC5423F3231ABD1B009604A6 /* Flickr_DiggerUITests.swift in Sources */ = {isa = PBXBuildFile; fileRef = FC5423F2231ABD1B009604A6 /* Flickr_DiggerUITests.swift */; };
		FC542406231ABE6D009604A6 /* PhotoModel.swift in Sources */ = {isa = PBXBuildFile; fileRef = FC542405231ABE6D009604A6 /* PhotoModel.swift */; };
		FC542408231AC0ED009604A6 /* HomescreenViewModel.swift in Sources */ = {isa = PBXBuildFile; fileRef = FC542407231AC0ED009604A6 /* HomescreenViewModel.swift */; };
		FC54240B231ACAE6009604A6 /* Constants.swift in Sources */ = {isa = PBXBuildFile; fileRef = FC54240A231ACAE6009604A6 /* Constants.swift */; };
		FC54240E231ACCA6009604A6 /* PhotoCollectionViewCell.swift in Sources */ = {isa = PBXBuildFile; fileRef = FC54240C231ACCA6009604A6 /* PhotoCollectionViewCell.swift */; };
		FC54240F231ACCA6009604A6 /* PhotoCollectionViewCell.xib in Resources */ = {isa = PBXBuildFile; fileRef = FC54240D231ACCA6009604A6 /* PhotoCollectionViewCell.xib */; };
		FC542414231AFD6E009604A6 /* APIService.swift in Sources */ = {isa = PBXBuildFile; fileRef = FC542413231AFD6E009604A6 /* APIService.swift */; };
		FC542417231C307B009604A6 /* FooterLoadingView.swift in Sources */ = {isa = PBXBuildFile; fileRef = FC542415231C307B009604A6 /* FooterLoadingView.swift */; };
		FC542418231C307B009604A6 /* FooterLoadingView.xib in Resources */ = {isa = PBXBuildFile; fileRef = FC542416231C307B009604A6 /* FooterLoadingView.xib */; };
		FC54241B231C57DE009604A6 /* ImageDownloadManager.swift in Sources */ = {isa = PBXBuildFile; fileRef = FC54241A231C57DE009604A6 /* ImageDownloadManager.swift */; };
		FC54241D231C64B3009604A6 /* IDOperation.swift in Sources */ = {isa = PBXBuildFile; fileRef = FC54241C231C64B3009604A6 /* IDOperation.swift */; };
		FC542423231CF8E8009604A6 /* ExpandTransitionController.swift in Sources */ = {isa = PBXBuildFile; fileRef = FC542422231CF8E8009604A6 /* ExpandTransitionController.swift */; };
		FC542425231CF902009604A6 /* ExpandAnimator.swift in Sources */ = {isa = PBXBuildFile; fileRef = FC542424231CF902009604A6 /* ExpandAnimator.swift */; };
		FC54242B231D2287009604A6 /* PhotoDetailViewController.swift in Sources */ = {isa = PBXBuildFile; fileRef = FC54242A231D2287009604A6 /* PhotoDetailViewController.swift */; };
		FC54242D231D23CD009604A6 /* PhotoDetailViewModel.swift in Sources */ = {isa = PBXBuildFile; fileRef = FC54242C231D23CD009604A6 /* PhotoDetailViewModel.swift */; };
/* End PBXBuildFile section */

/* Begin PBXContainerItemProxy section */
		FC5423E4231ABD1B009604A6 /* PBXContainerItemProxy */ = {
			isa = PBXContainerItemProxy;
			containerPortal = FC5423C7231ABD18009604A6 /* Project object */;
			proxyType = 1;
			remoteGlobalIDString = FC5423CE231ABD18009604A6;
			remoteInfo = "Flickr Digger";
		};
		FC5423EF231ABD1B009604A6 /* PBXContainerItemProxy */ = {
			isa = PBXContainerItemProxy;
			containerPortal = FC5423C7231ABD18009604A6 /* Project object */;
			proxyType = 1;
			remoteGlobalIDString = FC5423CE231ABD18009604A6;
			remoteInfo = "Flickr Digger";
		};
/* End PBXContainerItemProxy section */

/* Begin PBXFileReference section */
		FC5423CF231ABD18009604A6 /* Flickr Digger.app */ = {isa = PBXFileReference; explicitFileType = wrapper.application; includeInIndex = 0; path = "Flickr Digger.app"; sourceTree = BUILT_PRODUCTS_DIR; };
		FC5423D2231ABD18009604A6 /* AppDelegate.swift */ = {isa = PBXFileReference; lastKnownFileType = sourcecode.swift; path = AppDelegate.swift; sourceTree = "<group>"; };
		FC5423D4231ABD18009604A6 /* HomeViewController.swift */ = {isa = PBXFileReference; lastKnownFileType = sourcecode.swift; path = HomeViewController.swift; sourceTree = "<group>"; };
		FC5423D7231ABD18009604A6 /* Base */ = {isa = PBXFileReference; lastKnownFileType = file.storyboard; name = Base; path = Base.lproj/Main.storyboard; sourceTree = "<group>"; };
		FC5423D9231ABD1B009604A6 /* Assets.xcassets */ = {isa = PBXFileReference; lastKnownFileType = folder.assetcatalog; path = Assets.xcassets; sourceTree = "<group>"; };
		FC5423DC231ABD1B009604A6 /* Base */ = {isa = PBXFileReference; lastKnownFileType = file.storyboard; name = Base; path = Base.lproj/LaunchScreen.storyboard; sourceTree = "<group>"; };
		FC5423DE231ABD1B009604A6 /* Info.plist */ = {isa = PBXFileReference; lastKnownFileType = text.plist.xml; path = Info.plist; sourceTree = "<group>"; };
		FC5423E3231ABD1B009604A6 /* Flickr DiggerTests.xctest */ = {isa = PBXFileReference; explicitFileType = wrapper.cfbundle; includeInIndex = 0; path = "Flickr DiggerTests.xctest"; sourceTree = BUILT_PRODUCTS_DIR; };
		FC5423E7231ABD1B009604A6 /* Flickr_DiggerTests.swift */ = {isa = PBXFileReference; lastKnownFileType = sourcecode.swift; path = Flickr_DiggerTests.swift; sourceTree = "<group>"; };
		FC5423E9231ABD1B009604A6 /* Info.plist */ = {isa = PBXFileReference; lastKnownFileType = text.plist.xml; path = Info.plist; sourceTree = "<group>"; };
		FC5423EE231ABD1B009604A6 /* Flickr DiggerUITests.xctest */ = {isa = PBXFileReference; explicitFileType = wrapper.cfbundle; includeInIndex = 0; path = "Flickr DiggerUITests.xctest"; sourceTree = BUILT_PRODUCTS_DIR; };
		FC5423F2231ABD1B009604A6 /* Flickr_DiggerUITests.swift */ = {isa = PBXFileReference; lastKnownFileType = sourcecode.swift; path = Flickr_DiggerUITests.swift; sourceTree = "<group>"; };
		FC5423F4231ABD1B009604A6 /* Info.plist */ = {isa = PBXFileReference; lastKnownFileType = text.plist.xml; path = Info.plist; sourceTree = "<group>"; };
		FC542405231ABE6D009604A6 /* PhotoModel.swift */ = {isa = PBXFileReference; lastKnownFileType = sourcecode.swift; path = PhotoModel.swift; sourceTree = "<group>"; };
		FC542407231AC0ED009604A6 /* HomescreenViewModel.swift */ = {isa = PBXFileReference; lastKnownFileType = sourcecode.swift; path = HomescreenViewModel.swift; sourceTree = "<group>"; };
		FC54240A231ACAE6009604A6 /* Constants.swift */ = {isa = PBXFileReference; lastKnownFileType = sourcecode.swift; path = Constants.swift; sourceTree = "<group>"; };
		FC54240C231ACCA6009604A6 /* PhotoCollectionViewCell.swift */ = {isa = PBXFileReference; lastKnownFileType = sourcecode.swift; path = PhotoCollectionViewCell.swift; sourceTree = "<group>"; };
		FC54240D231ACCA6009604A6 /* PhotoCollectionViewCell.xib */ = {isa = PBXFileReference; lastKnownFileType = file.xib; path = PhotoCollectionViewCell.xib; sourceTree = "<group>"; };
		FC542413231AFD6E009604A6 /* APIService.swift */ = {isa = PBXFileReference; lastKnownFileType = sourcecode.swift; path = APIService.swift; sourceTree = "<group>"; };
		FC542415231C307B009604A6 /* FooterLoadingView.swift */ = {isa = PBXFileReference; lastKnownFileType = sourcecode.swift; path = FooterLoadingView.swift; sourceTree = "<group>"; };
		FC542416231C307B009604A6 /* FooterLoadingView.xib */ = {isa = PBXFileReference; lastKnownFileType = file.xib; path = FooterLoadingView.xib; sourceTree = "<group>"; };
		FC54241A231C57DE009604A6 /* ImageDownloadManager.swift */ = {isa = PBXFileReference; lastKnownFileType = sourcecode.swift; path = ImageDownloadManager.swift; sourceTree = "<group>"; };
		FC54241C231C64B3009604A6 /* IDOperation.swift */ = {isa = PBXFileReference; lastKnownFileType = sourcecode.swift; path = IDOperation.swift; sourceTree = "<group>"; };
		FC542422231CF8E8009604A6 /* ExpandTransitionController.swift */ = {isa = PBXFileReference; lastKnownFileType = sourcecode.swift; path = ExpandTransitionController.swift; sourceTree = "<group>"; };
		FC542424231CF902009604A6 /* ExpandAnimator.swift */ = {isa = PBXFileReference; lastKnownFileType = sourcecode.swift; path = ExpandAnimator.swift; sourceTree = "<group>"; };
		FC54242A231D2287009604A6 /* PhotoDetailViewController.swift */ = {isa = PBXFileReference; lastKnownFileType = sourcecode.swift; path = PhotoDetailViewController.swift; sourceTree = "<group>"; };
		FC54242C231D23CD009604A6 /* PhotoDetailViewModel.swift */ = {isa = PBXFileReference; lastKnownFileType = sourcecode.swift; path = PhotoDetailViewModel.swift; sourceTree = "<group>"; };
/* End PBXFileReference section */

/* Begin PBXFrameworksBuildPhase section */
		FC5423CC231ABD18009604A6 /* Frameworks */ = {
			isa = PBXFrameworksBuildPhase;
			buildActionMask = 2147483647;
			files = (
			);
			runOnlyForDeploymentPostprocessing = 0;
		};
		FC5423E0231ABD1B009604A6 /* Frameworks */ = {
			isa = PBXFrameworksBuildPhase;
			buildActionMask = 2147483647;
			files = (
			);
			runOnlyForDeploymentPostprocessing = 0;
		};
		FC5423EB231ABD1B009604A6 /* Frameworks */ = {
			isa = PBXFrameworksBuildPhase;
			buildActionMask = 2147483647;
			files = (
			);
			runOnlyForDeploymentPostprocessing = 0;
		};
/* End PBXFrameworksBuildPhase section */

/* Begin PBXGroup section */
		FC5423C6231ABD18009604A6 = {
			isa = PBXGroup;
			children = (
				FC5423D1231ABD18009604A6 /* Flickr Digger */,
				FC5423E6231ABD1B009604A6 /* Flickr DiggerTests */,
				FC5423F1231ABD1B009604A6 /* Flickr DiggerUITests */,
				FC5423D0231ABD18009604A6 /* Products */,
			);
			sourceTree = "<group>";
		};
		FC5423D0231ABD18009604A6 /* Products */ = {
			isa = PBXGroup;
			children = (
				FC5423CF231ABD18009604A6 /* Flickr Digger.app */,
				FC5423E3231ABD1B009604A6 /* Flickr DiggerTests.xctest */,
				FC5423EE231ABD1B009604A6 /* Flickr DiggerUITests.xctest */,
			);
			name = Products;
			sourceTree = "<group>";
		};
		FC5423D1231ABD18009604A6 /* Flickr Digger */ = {
			isa = PBXGroup;
			children = (
				FC542421231CF8C5009604A6 /* Animation */,
				FC54241F231CF88C009604A6 /* Constants */,
				FC54241E231CF746009604A6 /* App Delegate */,
				FC542403231ABE48009604A6 /* Services */,
				FC542402231ABE3C009604A6 /* Views */,
				FC542401231ABE2C009604A6 /* View Models */,
				FC542400231ABE21009604A6 /* Models */,
				FC5423D6231ABD18009604A6 /* Main.storyboard */,
				FC5423D9231ABD1B009604A6 /* Assets.xcassets */,
				FC5423DB231ABD1B009604A6 /* LaunchScreen.storyboard */,
				FC5423DE231ABD1B009604A6 /* Info.plist */,
			);
			path = "Flickr Digger";
			sourceTree = "<group>";
		};
		FC5423E6231ABD1B009604A6 /* Flickr DiggerTests */ = {
			isa = PBXGroup;
			children = (
				FC5423E7231ABD1B009604A6 /* Flickr_DiggerTests.swift */,
				FC5423E9231ABD1B009604A6 /* Info.plist */,
			);
			path = "Flickr DiggerTests";
			sourceTree = "<group>";
		};
		FC5423F1231ABD1B009604A6 /* Flickr DiggerUITests */ = {
			isa = PBXGroup;
			children = (
				FC5423F2231ABD1B009604A6 /* Flickr_DiggerUITests.swift */,
				FC5423F4231ABD1B009604A6 /* Info.plist */,
			);
			path = "Flickr DiggerUITests";
			sourceTree = "<group>";
		};
		FC542400231ABE21009604A6 /* Models */ = {
			isa = PBXGroup;
			children = (
				FC542405231ABE6D009604A6 /* PhotoModel.swift */,
			);
			path = Models;
			sourceTree = "<group>";
		};
		FC542401231ABE2C009604A6 /* View Models */ = {
			isa = PBXGroup;
			children = (
				FC542407231AC0ED009604A6 /* HomescreenViewModel.swift */,
				FC54242C231D23CD009604A6 /* PhotoDetailViewModel.swift */,
			);
			path = "View Models";
			sourceTree = "<group>";
		};
		FC542402231ABE3C009604A6 /* Views */ = {
			isa = PBXGroup;
			children = (
				FC542429231D2271009604A6 /* PhotoDetailViewController */,
				FC542428231D1FD3009604A6 /* HomeViewController */,
				FC542427231D1FAA009604A6 /* LoadingFooter */,
				FC542426231D1F98009604A6 /* PhotoCollectionViewCell */,
			);
			path = Views;
			sourceTree = "<group>";
		};
		FC542403231ABE48009604A6 /* Services */ = {
			isa = PBXGroup;
			children = (
				FC542413231AFD6E009604A6 /* APIService.swift */,
				FC54241A231C57DE009604A6 /* ImageDownloadManager.swift */,
				FC54241C231C64B3009604A6 /* IDOperation.swift */,
			);
			path = Services;
			sourceTree = "<group>";
		};
		FC54241E231CF746009604A6 /* App Delegate */ = {
			isa = PBXGroup;
			children = (
				FC5423D2231ABD18009604A6 /* AppDelegate.swift */,
			);
			path = "App Delegate";
			sourceTree = "<group>";
		};
		FC54241F231CF88C009604A6 /* Constants */ = {
			isa = PBXGroup;
			children = (
				FC54240A231ACAE6009604A6 /* Constants.swift */,
			);
			path = Constants;
			sourceTree = "<group>";
		};
		FC542421231CF8C5009604A6 /* Animation */ = {
			isa = PBXGroup;
			children = (
				FC542422231CF8E8009604A6 /* ExpandTransitionController.swift */,
				FC542424231CF902009604A6 /* ExpandAnimator.swift */,
			);
			path = Animation;
			sourceTree = "<group>";
		};
		FC542426231D1F98009604A6 /* PhotoCollectionViewCell */ = {
			isa = PBXGroup;
			children = (
				FC54240D231ACCA6009604A6 /* PhotoCollectionViewCell.xib */,
				FC54240C231ACCA6009604A6 /* PhotoCollectionViewCell.swift */,
			);
			path = PhotoCollectionViewCell;
			sourceTree = "<group>";
		};
		FC542427231D1FAA009604A6 /* LoadingFooter */ = {
			isa = PBXGroup;
			children = (
				FC542416231C307B009604A6 /* FooterLoadingView.xib */,
				FC542415231C307B009604A6 /* FooterLoadingView.swift */,
			);
			path = LoadingFooter;
			sourceTree = "<group>";
		};
		FC542428231D1FD3009604A6 /* HomeViewController */ = {
			isa = PBXGroup;
			children = (
				FC5423D4231ABD18009604A6 /* HomeViewController.swift */,
			);
			path = HomeViewController;
			sourceTree = "<group>";
		};
		FC542429231D2271009604A6 /* PhotoDetailViewController */ = {
			isa = PBXGroup;
			children = (
				FC54242A231D2287009604A6 /* PhotoDetailViewController.swift */,
			);
			path = PhotoDetailViewController;
			sourceTree = "<group>";
		};
/* End PBXGroup section */

/* Begin PBXNativeTarget section */
		FC5423CE231ABD18009604A6 /* Flickr Digger */ = {
			isa = PBXNativeTarget;
			buildConfigurationList = FC5423F7231ABD1B009604A6 /* Build configuration list for PBXNativeTarget "Flickr Digger" */;
			buildPhases = (
				FC5423CB231ABD18009604A6 /* Sources */,
				FC5423CC231ABD18009604A6 /* Frameworks */,
				FC5423CD231ABD18009604A6 /* Resources */,
			);
			buildRules = (
			);
			dependencies = (
			);
			name = "Flickr Digger";
			productName = "Flickr Digger";
			productReference = FC5423CF231ABD18009604A6 /* Flickr Digger.app */;
			productType = "com.apple.product-type.application";
		};
		FC5423E2231ABD1B009604A6 /* Flickr DiggerTests */ = {
			isa = PBXNativeTarget;
			buildConfigurationList = FC5423FA231ABD1B009604A6 /* Build configuration list for PBXNativeTarget "Flickr DiggerTests" */;
			buildPhases = (
				FC5423DF231ABD1B009604A6 /* Sources */,
				FC5423E0231ABD1B009604A6 /* Frameworks */,
				FC5423E1231ABD1B009604A6 /* Resources */,
			);
			buildRules = (
			);
			dependencies = (
				FC5423E5231ABD1B009604A6 /* PBXTargetDependency */,
			);
			name = "Flickr DiggerTests";
			productName = "Flickr DiggerTests";
			productReference = FC5423E3231ABD1B009604A6 /* Flickr DiggerTests.xctest */;
			productType = "com.apple.product-type.bundle.unit-test";
		};
		FC5423ED231ABD1B009604A6 /* Flickr DiggerUITests */ = {
			isa = PBXNativeTarget;
			buildConfigurationList = FC5423FD231ABD1B009604A6 /* Build configuration list for PBXNativeTarget "Flickr DiggerUITests" */;
			buildPhases = (
				FC5423EA231ABD1B009604A6 /* Sources */,
				FC5423EB231ABD1B009604A6 /* Frameworks */,
				FC5423EC231ABD1B009604A6 /* Resources */,
			);
			buildRules = (
			);
			dependencies = (
				FC5423F0231ABD1B009604A6 /* PBXTargetDependency */,
			);
			name = "Flickr DiggerUITests";
			productName = "Flickr DiggerUITests";
			productReference = FC5423EE231ABD1B009604A6 /* Flickr DiggerUITests.xctest */;
			productType = "com.apple.product-type.bundle.ui-testing";
		};
/* End PBXNativeTarget section */

/* Begin PBXProject section */
		FC5423C7231ABD18009604A6 /* Project object */ = {
			isa = PBXProject;
			attributes = {
				LastSwiftUpdateCheck = 1020;
				LastUpgradeCheck = 1020;
				ORGANIZATIONNAME = "Cubastion Consulting";
				TargetAttributes = {
					FC5423CE231ABD18009604A6 = {
						CreatedOnToolsVersion = 10.2.1;
					};
					FC5423E2231ABD1B009604A6 = {
						CreatedOnToolsVersion = 10.2.1;
						TestTargetID = FC5423CE231ABD18009604A6;
					};
					FC5423ED231ABD1B009604A6 = {
						CreatedOnToolsVersion = 10.2.1;
						TestTargetID = FC5423CE231ABD18009604A6;
					};
				};
			};
			buildConfigurationList = FC5423CA231ABD18009604A6 /* Build configuration list for PBXProject "Flickr Digger" */;
			compatibilityVersion = "Xcode 9.3";
			developmentRegion = en;
			hasScannedForEncodings = 0;
			knownRegions = (
				en,
				Base,
			);
			mainGroup = FC5423C6231ABD18009604A6;
			productRefGroup = FC5423D0231ABD18009604A6 /* Products */;
			projectDirPath = "";
			projectRoot = "";
			targets = (
				FC5423CE231ABD18009604A6 /* Flickr Digger */,
				FC5423E2231ABD1B009604A6 /* Flickr DiggerTests */,
				FC5423ED231ABD1B009604A6 /* Flickr DiggerUITests */,
			);
		};
/* End PBXProject section */

/* Begin PBXResourcesBuildPhase section */
		FC5423CD231ABD18009604A6 /* Resources */ = {
			isa = PBXResourcesBuildPhase;
			buildActionMask = 2147483647;
			files = (
				FC5423DD231ABD1B009604A6 /* LaunchScreen.storyboard in Resources */,
				FC54240F231ACCA6009604A6 /* PhotoCollectionViewCell.xib in Resources */,
				FC5423DA231ABD1B009604A6 /* Assets.xcassets in Resources */,
				FC5423D8231ABD18009604A6 /* Main.storyboard in Resources */,
				FC542418231C307B009604A6 /* FooterLoadingView.xib in Resources */,
			);
			runOnlyForDeploymentPostprocessing = 0;
		};
		FC5423E1231ABD1B009604A6 /* Resources */ = {
			isa = PBXResourcesBuildPhase;
			buildActionMask = 2147483647;
			files = (
			);
			runOnlyForDeploymentPostprocessing = 0;
		};
		FC5423EC231ABD1B009604A6 /* Resources */ = {
			isa = PBXResourcesBuildPhase;
			buildActionMask = 2147483647;
			files = (
			);
			runOnlyForDeploymentPostprocessing = 0;
		};
/* End PBXResourcesBuildPhase section */

/* Begin PBXSourcesBuildPhase section */
		FC5423CB231ABD18009604A6 /* Sources */ = {
			isa = PBXSourcesBuildPhase;
			buildActionMask = 2147483647;
			files = (
				FC54240B231ACAE6009604A6 /* Constants.swift in Sources */,
				FC542406231ABE6D009604A6 /* PhotoModel.swift in Sources */,
				FC54241B231C57DE009604A6 /* ImageDownloadManager.swift in Sources */,
				FC54242B231D2287009604A6 /* PhotoDetailViewController.swift in Sources */,
				FC5423D5231ABD18009604A6 /* HomeViewController.swift in Sources */,
				FC542425231CF902009604A6 /* ExpandAnimator.swift in Sources */,
				FC542423231CF8E8009604A6 /* ExpandTransitionController.swift in Sources */,
				FC5423D3231ABD18009604A6 /* AppDelegate.swift in Sources */,
				FC54242D231D23CD009604A6 /* PhotoDetailViewModel.swift in Sources */,
				FC542408231AC0ED009604A6 /* HomescreenViewModel.swift in Sources */,
				FC542414231AFD6E009604A6 /* APIService.swift in Sources */,
				FC54240E231ACCA6009604A6 /* PhotoCollectionViewCell.swift in Sources */,
				FC54241D231C64B3009604A6 /* IDOperation.swift in Sources */,
				FC542417231C307B009604A6 /* FooterLoadingView.swift in Sources */,
			);
			runOnlyForDeploymentPostprocessing = 0;
		};
		FC5423DF231ABD1B009604A6 /* Sources */ = {
			isa = PBXSourcesBuildPhase;
			buildActionMask = 2147483647;
			files = (
				FC5423E8231ABD1B009604A6 /* Flickr_DiggerTests.swift in Sources */,
			);
			runOnlyForDeploymentPostprocessing = 0;
		};
		FC5423EA231ABD1B009604A6 /* Sources */ = {
			isa = PBXSourcesBuildPhase;
			buildActionMask = 2147483647;
			files = (
				FC5423F3231ABD1B009604A6 /* Flickr_DiggerUITests.swift in Sources */,
			);
			runOnlyForDeploymentPostprocessing = 0;
		};
/* End PBXSourcesBuildPhase section */

/* Begin PBXTargetDependency section */
		FC5423E5231ABD1B009604A6 /* PBXTargetDependency */ = {
			isa = PBXTargetDependency;
			target = FC5423CE231ABD18009604A6 /* Flickr Digger */;
			targetProxy = FC5423E4231ABD1B009604A6 /* PBXContainerItemProxy */;
		};
		FC5423F0231ABD1B009604A6 /* PBXTargetDependency */ = {
			isa = PBXTargetDependency;
			target = FC5423CE231ABD18009604A6 /* Flickr Digger */;
			targetProxy = FC5423EF231ABD1B009604A6 /* PBXContainerItemProxy */;
		};
/* End PBXTargetDependency section */

/* Begin PBXVariantGroup section */
		FC5423D6231ABD18009604A6 /* Main.storyboard */ = {
			isa = PBXVariantGroup;
			children = (
				FC5423D7231ABD18009604A6 /* Base */,
			);
			name = Main.storyboard;
			sourceTree = "<group>";
		};
		FC5423DB231ABD1B009604A6 /* LaunchScreen.storyboard */ = {
			isa = PBXVariantGroup;
			children = (
				FC5423DC231ABD1B009604A6 /* Base */,
			);
			name = LaunchScreen.storyboard;
			sourceTree = "<group>";
		};
/* End PBXVariantGroup section */

/* Begin XCBuildConfiguration section */
		FC5423F5231ABD1B009604A6 /* Debug */ = {
			isa = XCBuildConfiguration;
			buildSettings = {
				ALWAYS_SEARCH_USER_PATHS = NO;
				CLANG_ANALYZER_NONNULL = YES;
				CLANG_ANALYZER_NUMBER_OBJECT_CONVERSION = YES_AGGRESSIVE;
				CLANG_CXX_LANGUAGE_STANDARD = "gnu++14";
				CLANG_CXX_LIBRARY = "libc++";
				CLANG_ENABLE_MODULES = YES;
				CLANG_ENABLE_OBJC_ARC = YES;
				CLANG_ENABLE_OBJC_WEAK = YES;
				CLANG_WARN_BLOCK_CAPTURE_AUTORELEASING = YES;
				CLANG_WARN_BOOL_CONVERSION = YES;
				CLANG_WARN_COMMA = YES;
				CLANG_WARN_CONSTANT_CONVERSION = YES;
				CLANG_WARN_DEPRECATED_OBJC_IMPLEMENTATIONS = YES;
				CLANG_WARN_DIRECT_OBJC_ISA_USAGE = YES_ERROR;
				CLANG_WARN_DOCUMENTATION_COMMENTS = YES;
				CLANG_WARN_EMPTY_BODY = YES;
				CLANG_WARN_ENUM_CONVERSION = YES;
				CLANG_WARN_INFINITE_RECURSION = YES;
				CLANG_WARN_INT_CONVERSION = YES;
				CLANG_WARN_NON_LITERAL_NULL_CONVERSION = YES;
				CLANG_WARN_OBJC_IMPLICIT_RETAIN_SELF = YES;
				CLANG_WARN_OBJC_LITERAL_CONVERSION = YES;
				CLANG_WARN_OBJC_ROOT_CLASS = YES_ERROR;
				CLANG_WARN_RANGE_LOOP_ANALYSIS = YES;
				CLANG_WARN_STRICT_PROTOTYPES = YES;
				CLANG_WARN_SUSPICIOUS_MOVE = YES;
				CLANG_WARN_UNGUARDED_AVAILABILITY = YES_AGGRESSIVE;
				CLANG_WARN_UNREACHABLE_CODE = YES;
				CLANG_WARN__DUPLICATE_METHOD_MATCH = YES;
				CODE_SIGN_IDENTITY = "iPhone Developer";
				COPY_PHASE_STRIP = NO;
				DEBUG_INFORMATION_FORMAT = dwarf;
				ENABLE_STRICT_OBJC_MSGSEND = YES;
				ENABLE_TESTABILITY = YES;
				GCC_C_LANGUAGE_STANDARD = gnu11;
				GCC_DYNAMIC_NO_PIC = NO;
				GCC_NO_COMMON_BLOCKS = YES;
				GCC_OPTIMIZATION_LEVEL = 0;
				GCC_PREPROCESSOR_DEFINITIONS = (
					"DEBUG=1",
					"$(inherited)",
				);
				GCC_WARN_64_TO_32_BIT_CONVERSION = YES;
				GCC_WARN_ABOUT_RETURN_TYPE = YES_ERROR;
				GCC_WARN_UNDECLARED_SELECTOR = YES;
				GCC_WARN_UNINITIALIZED_AUTOS = YES_AGGRESSIVE;
				GCC_WARN_UNUSED_FUNCTION = YES;
				GCC_WARN_UNUSED_VARIABLE = YES;
				IPHONEOS_DEPLOYMENT_TARGET = 12.2;
				MTL_ENABLE_DEBUG_INFO = INCLUDE_SOURCE;
				MTL_FAST_MATH = YES;
				ONLY_ACTIVE_ARCH = YES;
				SDKROOT = iphoneos;
				SWIFT_ACTIVE_COMPILATION_CONDITIONS = DEBUG;
				SWIFT_OPTIMIZATION_LEVEL = "-Onone";
			};
			name = Debug;
		};
		FC5423F6231ABD1B009604A6 /* Release */ = {
			isa = XCBuildConfiguration;
			buildSettings = {
				ALWAYS_SEARCH_USER_PATHS = NO;
				CLANG_ANALYZER_NONNULL = YES;
				CLANG_ANALYZER_NUMBER_OBJECT_CONVERSION = YES_AGGRESSIVE;
				CLANG_CXX_LANGUAGE_STANDARD = "gnu++14";
				CLANG_CXX_LIBRARY = "libc++";
				CLANG_ENABLE_MODULES = YES;
				CLANG_ENABLE_OBJC_ARC = YES;
				CLANG_ENABLE_OBJC_WEAK = YES;
				CLANG_WARN_BLOCK_CAPTURE_AUTORELEASING = YES;
				CLANG_WARN_BOOL_CONVERSION = YES;
				CLANG_WARN_COMMA = YES;
				CLANG_WARN_CONSTANT_CONVERSION = YES;
				CLANG_WARN_DEPRECATED_OBJC_IMPLEMENTATIONS = YES;
				CLANG_WARN_DIRECT_OBJC_ISA_USAGE = YES_ERROR;
				CLANG_WARN_DOCUMENTATION_COMMENTS = YES;
				CLANG_WARN_EMPTY_BODY = YES;
				CLANG_WARN_ENUM_CONVERSION = YES;
				CLANG_WARN_INFINITE_RECURSION = YES;
				CLANG_WARN_INT_CONVERSION = YES;
				CLANG_WARN_NON_LITERAL_NULL_CONVERSION = YES;
				CLANG_WARN_OBJC_IMPLICIT_RETAIN_SELF = YES;
				CLANG_WARN_OBJC_LITERAL_CONVERSION = YES;
				CLANG_WARN_OBJC_ROOT_CLASS = YES_ERROR;
				CLANG_WARN_RANGE_LOOP_ANALYSIS = YES;
				CLANG_WARN_STRICT_PROTOTYPES = YES;
				CLANG_WARN_SUSPICIOUS_MOVE = YES;
				CLANG_WARN_UNGUARDED_AVAILABILITY = YES_AGGRESSIVE;
				CLANG_WARN_UNREACHABLE_CODE = YES;
				CLANG_WARN__DUPLICATE_METHOD_MATCH = YES;
				CODE_SIGN_IDENTITY = "iPhone Developer";
				COPY_PHASE_STRIP = NO;
				DEBUG_INFORMATION_FORMAT = "dwarf-with-dsym";
				ENABLE_NS_ASSERTIONS = NO;
				ENABLE_STRICT_OBJC_MSGSEND = YES;
				GCC_C_LANGUAGE_STANDARD = gnu11;
				GCC_NO_COMMON_BLOCKS = YES;
				GCC_WARN_64_TO_32_BIT_CONVERSION = YES;
				GCC_WARN_ABOUT_RETURN_TYPE = YES_ERROR;
				GCC_WARN_UNDECLARED_SELECTOR = YES;
				GCC_WARN_UNINITIALIZED_AUTOS = YES_AGGRESSIVE;
				GCC_WARN_UNUSED_FUNCTION = YES;
				GCC_WARN_UNUSED_VARIABLE = YES;
				IPHONEOS_DEPLOYMENT_TARGET = 12.2;
				MTL_ENABLE_DEBUG_INFO = NO;
				MTL_FAST_MATH = YES;
				SDKROOT = iphoneos;
				SWIFT_COMPILATION_MODE = wholemodule;
				SWIFT_OPTIMIZATION_LEVEL = "-O";
				VALIDATE_PRODUCT = YES;
			};
			name = Release;
		};
		FC5423F8231ABD1B009604A6 /* Debug */ = {
			isa = XCBuildConfiguration;
			buildSettings = {
				ASSETCATALOG_COMPILER_APPICON_NAME = AppIcon;
				CODE_SIGN_STYLE = Automatic;
				DEVELOPMENT_TEAM = 8AU5S2W747;
				INFOPLIST_FILE = "Flickr Digger/Info.plist";
				LD_RUNPATH_SEARCH_PATHS = (
					"$(inherited)",
					"@executable_path/Frameworks",
				);
				PRODUCT_BUNDLE_IDENTIFIER = "com.cubastion.Flickr-Digger";
				PRODUCT_NAME = "$(TARGET_NAME)";
				SWIFT_VERSION = 5.0;
				TARGETED_DEVICE_FAMILY = "1,2";
			};
			name = Debug;
		};
		FC5423F9231ABD1B009604A6 /* Release */ = {
			isa = XCBuildConfiguration;
			buildSettings = {
				ASSETCATALOG_COMPILER_APPICON_NAME = AppIcon;
				CODE_SIGN_STYLE = Automatic;
				DEVELOPMENT_TEAM = 8AU5S2W747;
				INFOPLIST_FILE = "Flickr Digger/Info.plist";
				LD_RUNPATH_SEARCH_PATHS = (
					"$(inherited)",
					"@executable_path/Frameworks",
				);
				PRODUCT_BUNDLE_IDENTIFIER = "com.cubastion.Flickr-Digger";
				PRODUCT_NAME = "$(TARGET_NAME)";
				SWIFT_VERSION = 5.0;
				TARGETED_DEVICE_FAMILY = "1,2";
			};
			name = Release;
		};
		FC5423FB231ABD1B009604A6 /* Debug */ = {
			isa = XCBuildConfiguration;
			buildSettings = {
				ALWAYS_EMBED_SWIFT_STANDARD_LIBRARIES = YES;
				BUNDLE_LOADER = "$(TEST_HOST)";
				CODE_SIGN_STYLE = Automatic;
				DEVELOPMENT_TEAM = 8AU5S2W747;
				INFOPLIST_FILE = "Flickr DiggerTests/Info.plist";
				LD_RUNPATH_SEARCH_PATHS = (
					"$(inherited)",
					"@executable_path/Frameworks",
					"@loader_path/Frameworks",
				);
				PRODUCT_BUNDLE_IDENTIFIER = "com.cubastion.Flickr-DiggerTests";
				PRODUCT_NAME = "$(TARGET_NAME)";
				SWIFT_VERSION = 5.0;
				TARGETED_DEVICE_FAMILY = "1,2";
				TEST_HOST = "$(BUILT_PRODUCTS_DIR)/Flickr Digger.app/Flickr Digger";
			};
			name = Debug;
		};
		FC5423FC231ABD1B009604A6 /* Release */ = {
			isa = XCBuildConfiguration;
			buildSettings = {
				ALWAYS_EMBED_SWIFT_STANDARD_LIBRARIES = YES;
				BUNDLE_LOADER = "$(TEST_HOST)";
				CODE_SIGN_STYLE = Automatic;
				DEVELOPMENT_TEAM = 8AU5S2W747;
				INFOPLIST_FILE = "Flickr DiggerTests/Info.plist";
				LD_RUNPATH_SEARCH_PATHS = (
					"$(inherited)",
					"@executable_path/Frameworks",
					"@loader_path/Frameworks",
				);
				PRODUCT_BUNDLE_IDENTIFIER = "com.cubastion.Flickr-DiggerTests";
				PRODUCT_NAME = "$(TARGET_NAME)";
				SWIFT_VERSION = 5.0;
				TARGETED_DEVICE_FAMILY = "1,2";
				TEST_HOST = "$(BUILT_PRODUCTS_DIR)/Flickr Digger.app/Flickr Digger";
			};
			name = Release;
		};
		FC5423FE231ABD1B009604A6 /* Debug */ = {
			isa = XCBuildConfiguration;
			buildSettings = {
				ALWAYS_EMBED_SWIFT_STANDARD_LIBRARIES = YES;
				CODE_SIGN_STYLE = Automatic;
				DEVELOPMENT_TEAM = 8AU5S2W747;
				INFOPLIST_FILE = "Flickr DiggerUITests/Info.plist";
				LD_RUNPATH_SEARCH_PATHS = (
					"$(inherited)",
					"@executable_path/Frameworks",
					"@loader_path/Frameworks",
				);
				PRODUCT_BUNDLE_IDENTIFIER = "com.cubastion.Flickr-DiggerUITests";
				PRODUCT_NAME = "$(TARGET_NAME)";
				SWIFT_VERSION = 5.0;
				TARGETED_DEVICE_FAMILY = "1,2";
				TEST_TARGET_NAME = "Flickr Digger";
			};
			name = Debug;
		};
		FC5423FF231ABD1B009604A6 /* Release */ = {
			isa = XCBuildConfiguration;
			buildSettings = {
				ALWAYS_EMBED_SWIFT_STANDARD_LIBRARIES = YES;
				CODE_SIGN_STYLE = Automatic;
				DEVELOPMENT_TEAM = 8AU5S2W747;
				INFOPLIST_FILE = "Flickr DiggerUITests/Info.plist";
				LD_RUNPATH_SEARCH_PATHS = (
					"$(inherited)",
					"@executable_path/Frameworks",
					"@loader_path/Frameworks",
				);
				PRODUCT_BUNDLE_IDENTIFIER = "com.cubastion.Flickr-DiggerUITests";
				PRODUCT_NAME = "$(TARGET_NAME)";
				SWIFT_VERSION = 5.0;
				TARGETED_DEVICE_FAMILY = "1,2";
				TEST_TARGET_NAME = "Flickr Digger";
			};
			name = Release;
		};
/* End XCBuildConfiguration section */

/* Begin XCConfigurationList section */
		FC5423CA231ABD18009604A6 /* Build configuration list for PBXProject "Flickr Digger" */ = {
			isa = XCConfigurationList;
			buildConfigurations = (
				FC5423F5231ABD1B009604A6 /* Debug */,
				FC5423F6231ABD1B009604A6 /* Release */,
			);
			defaultConfigurationIsVisible = 0;
			defaultConfigurationName = Release;
		};
		FC5423F7231ABD1B009604A6 /* Build configuration list for PBXNativeTarget "Flickr Digger" */ = {
			isa = XCConfigurationList;
			buildConfigurations = (
				FC5423F8231ABD1B009604A6 /* Debug */,
				FC5423F9231ABD1B009604A6 /* Release */,
			);
			defaultConfigurationIsVisible = 0;
			defaultConfigurationName = Release;
		};
		FC5423FA231ABD1B009604A6 /* Build configuration list for PBXNativeTarget "Flickr DiggerTests" */ = {
			isa = XCConfigurationList;
			buildConfigurations = (
				FC5423FB231ABD1B009604A6 /* Debug */,
				FC5423FC231ABD1B009604A6 /* Release */,
			);
			defaultConfigurationIsVisible = 0;
			defaultConfigurationName = Release;
		};
		FC5423FD231ABD1B009604A6 /* Build configuration list for PBXNativeTarget "Flickr DiggerUITests" */ = {
			isa = XCConfigurationList;
			buildConfigurations = (
				FC5423FE231ABD1B009604A6 /* Debug */,
				FC5423FF231ABD1B009604A6 /* Release */,
			);
			defaultConfigurationIsVisible = 0;
			defaultConfigurationName = Release;
		};
/* End XCConfigurationList section */
	};
	rootObject = FC5423C7231ABD18009604A6 /* Project object */;
}
